
Microsoft Visual Studio Solution File, Format Version 12.00
# Visual Studio Version 16
VisualStudioVersion = 16.0.31729.503
MinimumVisualStudioVersion = 10.0.40219.1
Project("{9A19103F-16F7-4668-BE54-9A1E7A4F7556}") = "ClassMetotDemo", "ClassMetotDemo.csproj", "{05D08BE1-B1EC-411B-A587-ED48F3F340E6}"
EndProject
Global
	GlobalSection(SolutionConfigurationPlatforms) = preSolution
		Debug|Any CPU = Debug|Any CPU
		Release|Any CPU = Release|Any CPU
	EndGlobalSection
	GlobalSection(ProjectConfigurationPlatforms) = postSolution
		{05D08BE1-B1EC-411B-A587-ED48F3F340E6}.Debug|Any CPU.ActiveCfg = Debug|Any CPU
		{05D08BE1-B1EC-411B-A587-ED48F3F340E6}.Debug|Any CPU.Build.0 = Debug|Any CPU
		{05D08BE1-B1EC-411B-A587-ED48F3F340E6}.Release|Any CPU.ActiveCfg = Release|Any CPU
		{05D08BE1-B1EC-411B-A587-ED48F3F340E6}.Release|Any CPU.Build.0 = Release|Any CPU
	EndGlobalSection
	GlobalSection(SolutionProperties) = preSolution
		HideSolutionNode = FALSE
	EndGlobalSection
	GlobalSection(ExtensibilityGlobals) = postSolution
		SolutionGuid = {6E2A52C2-9330-49D4-AAAE-142238373148}
	EndGlobalSection
EndGlobal
